
Microsoft Visual Studio Solution File, Format Version 12.00
# Visual Studio Version 17
VisualStudioVersion = 17.14.36518.9 d17.14
MinimumVisualStudioVersion = 10.0.40219.1
Project("{FAE04EC0-301F-11D3-BF4B-00C04F79EFBC}") = "Domain", "Domain\Domain.csproj", "{09CE303F-D2A6-4C38-9A31-485FB8318569}"
EndProject
Project("{FAE04EC0-301F-11D3-BF4B-00C04F79EFBC}") = "Application", "Application\Application.csproj", "{40989C15-2F58-4E29-9D3A-EB9E35283835}"
EndProject
Project("{FAE04EC0-301F-11D3-BF4B-00C04F79EFBC}") = "Infrastructure", "Infrastructure\Infrastructure.csproj", "{7965D5F1-7703-4D25-B538-462099F2E279}"
EndProject
Project("{FAE04EC0-301F-11D3-BF4B-00C04F79EFBC}") = "WebApi", "WebApi\WebApi.csproj", "{39CD99C7-6DEA-432F-A12F-17A88DA548F5}"
EndProject
Global
	GlobalSection(SolutionConfigurationPlatforms) = preSolution
		Debug|Any CPU = Debug|Any CPU
		Release|Any CPU = Release|Any CPU
	EndGlobalSection
	GlobalSection(ProjectConfigurationPlatforms) = postSolution
		{09CE303F-D2A6-4C38-9A31-485FB8318569}.Debug|Any CPU.ActiveCfg = Debug|Any CPU
		{09CE303F-D2A6-4C38-9A31-485FB8318569}.Debug|Any CPU.Build.0 = Debug|Any CPU
		{09CE303F-D2A6-4C38-9A31-485FB8318569}.Release|Any CPU.ActiveCfg = Release|Any CPU
		{09CE303F-D2A6-4C38-9A31-485FB8318569}.Release|Any CPU.Build.0 = Release|Any CPU
		{40989C15-2F58-4E29-9D3A-EB9E35283835}.Debug|Any CPU.ActiveCfg = Debug|Any CPU
		{40989C15-2F58-4E29-9D3A-EB9E35283835}.Debug|Any CPU.Build.0 = Debug|Any CPU
		{40989C15-2F58-4E29-9D3A-EB9E35283835}.Release|Any CPU.ActiveCfg = Release|Any CPU
		{40989C15-2F58-4E29-9D3A-EB9E35283835}.Release|Any CPU.Build.0 = Release|Any CPU
		{7965D5F1-7703-4D25-B538-462099F2E279}.Debug|Any CPU.ActiveCfg = Debug|Any CPU
		{7965D5F1-7703-4D25-B538-462099F2E279}.Debug|Any CPU.Build.0 = Debug|Any CPU
		{7965D5F1-7703-4D25-B538-462099F2E279}.Release|Any CPU.ActiveCfg = Release|Any CPU
		{7965D5F1-7703-4D25-B538-462099F2E279}.Release|Any CPU.Build.0 = Release|Any CPU
		{39CD99C7-6DEA-432F-A12F-17A88DA548F5}.Debug|Any CPU.ActiveCfg = Debug|Any CPU
		{39CD99C7-6DEA-432F-A12F-17A88DA548F5}.Debug|Any CPU.Build.0 = Debug|Any CPU
		{39CD99C7-6DEA-432F-A12F-17A88DA548F5}.Release|Any CPU.ActiveCfg = Release|Any CPU
		{39CD99C7-6DEA-432F-A12F-17A88DA548F5}.Release|Any CPU.Build.0 = Release|Any CPU
	EndGlobalSection
	GlobalSection(SolutionProperties) = preSolution
		HideSolutionNode = FALSE
	EndGlobalSection
	GlobalSection(ExtensibilityGlobals) = postSolution
		SolutionGuid = {0AA62ABA-C5EE-4299-85E6-076B74E26F42}
	EndGlobalSection
EndGlobal
